# THIS IS AN AUTOGENERATED FILE. DO NOT EDIT THIS FILE DIRECTLY.
# yarn lockfile v1


"@apollo/react-common@^3.1.4":
  version "3.1.4"
  resolved "https://registry.yarnpkg.com/@apollo/react-common/-/react-common-3.1.4.tgz#ec13c985be23ea8e799c9ea18e696eccc97be345"
  integrity sha512-X5Kyro73bthWSCBJUC5XYQqMnG0dLWuDZmVkzog9dynovhfiVCV4kPSdgSIkqnb++cwCzOVuQ4rDKVwo2XRzQA==
  dependencies:
    ts-invariant "^0.4.4"
    tslib "^1.10.0"

"@apollo/react-components@^3.1.5":
  version "3.1.5"
  resolved "https://registry.yarnpkg.com/@apollo/react-components/-/react-components-3.1.5.tgz#040d2f35ce4947747efe16f76d59dcbd797ffdaf"
  integrity sha512-c82VyUuE9VBnJB7bnX+3dmwpIPMhyjMwyoSLyQWPHxz8jK4ak30XszJtqFf4eC4hwvvLYa+Ou6X73Q8V8e2/jg==
  dependencies:
    "@apollo/react-common" "^3.1.4"
    "@apollo/react-hooks" "^3.1.5"
    prop-types "^15.7.2"
    ts-invariant "^0.4.4"
    tslib "^1.10.0"

"@apollo/react-hoc@^3.1.5":
  version "3.1.5"
  resolved "https://registry.yarnpkg.com/@apollo/react-hoc/-/react-hoc-3.1.5.tgz#6552d2fb4aafc59fdc8f4e353358b98b89cfab6f"
  integrity sha512-jlZ2pvEnRevLa54H563BU0/xrYSgWQ72GksarxUzCHQW85nmn9wQln0kLBX7Ua7SBt9WgiuYQXQVechaaCulfQ==
  dependencies:
    "@apollo/react-common" "^3.1.4"
    "@apollo/react-components" "^3.1.5"
    hoist-non-react-statics "^3.3.0"
    ts-invariant "^0.4.4"
    tslib "^1.10.0"

"@apollo/react-hooks@^3.1.5":
  version "3.1.5"
  resolved "https://registry.yarnpkg.com/@apollo/react-hooks/-/react-hooks-3.1.5.tgz#7e710be52461255ae7fc0b3b9c2ece64299c10e6"
  integrity sha512-y0CJ393DLxIIkksRup4nt+vSjxalbZBXnnXxYbviq/woj+zKa431zy0yT4LqyRKpFy9ahMIwxBnBwfwIoupqLQ==
  dependencies:
    "@apollo/react-common" "^3.1.4"
    "@wry/equality" "^0.1.9"
    ts-invariant "^0.4.4"
    tslib "^1.10.0"

"@apollo/react-ssr@^3.1.5":
  version "3.1.5"
  resolved "https://registry.yarnpkg.com/@apollo/react-ssr/-/react-ssr-3.1.5.tgz#53703cd493afcde567acc6d5512cab03dafce6de"
  integrity sha512-wuLPkKlctNn3u8EU8rlECyktpOUCeekFfb0KhIKknpGY6Lza2Qu0bThx7D9MIbVEzhKadNNrzLcpk0Y8/5UuWg==
  dependencies:
    "@apollo/react-common" "^3.1.4"
    "@apollo/react-hooks" "^3.1.5"
    tslib "^1.10.0"

"@wry/equality@^0.1.9":
  version "0.1.11"
  resolved "https://registry.yarnpkg.com/@wry/equality/-/equality-0.1.11.tgz#35cb156e4a96695aa81a9ecc4d03787bc17f1790"
  integrity sha512-mwEVBDUVODlsQQ5dfuLUS5/Tf7jqUKyhKYHmVi4fPB6bDMOfWvUPJmKgS1Z7Za/sOI3vzWt4+O7yCiL/70MogA==
  dependencies:
    tslib "^1.9.3"

country-code-lookup@^0.0.19:
  version "0.0.19"
  resolved "https://registry.yarnpkg.com/country-code-lookup/-/country-code-lookup-0.0.19.tgz#3fbf0192758ecf0d5eee0efbc220d62706c50fd6"
  integrity sha512-lpvgdPyj8RuP0CSZhACNf5ueKlLbv/IQUAQfg7yr/qJbFrdcWV7Y+aDN9K/u/bx3MXRfcsjuW+TdIc0AEj7kDw==

google-maps-react@^2.0.6:
  version "2.0.6"
  resolved "https://registry.npmjs.org/google-maps-react/-/google-maps-react-2.0.6.tgz"
  integrity sha512-M8Eo9WndfQEfxcmm6yRq03qdJgw1x6rQmJ9DN+a+xPQ3K7yNDGkVDbinrf4/8vcox7nELbeopbm4bpefKewWfQ==

hoist-non-react-statics@^3.3.0:
  version "3.3.2"
  resolved "https://registry.yarnpkg.com/hoist-non-react-statics/-/hoist-non-react-statics-3.3.2.tgz#ece0acaf71d62c2969c2ec59feff42a4b1a85b45"
  integrity sha512-/gGivxi8JPKWNm/W0jSmzcMPpfpPLc3dY/6GxhX2hQ9iGj3aDfklV4ET7NjKpSinLpJ5vafa9iiGIEZg10SfBw==
  dependencies:
    react-is "^16.7.0"

"js-tokens@^3.0.0 || ^4.0.0":
  version "4.0.0"
  resolved "https://registry.npmjs.org/js-tokens/-/js-tokens-4.0.0.tgz"
  integrity sha512-RdJUflcE3cUzKiMqQgsCu06FPu9UdIJO0beYbPhHN4k6apgJtifcoCtT9bcxOpYBtpD2kCM6Sbzg4CausW/PKQ==

lodash.debounce@^4.0.8:
  version "4.0.8"
  resolved "https://registry.npmjs.org/lodash.debounce/-/lodash.debounce-4.0.8.tgz"
  integrity sha1-gteb/zCmfEAF/9XiUVMArZyk168=

loose-envify@^1.4.0:
  version "1.4.0"
  resolved "https://registry.npmjs.org/loose-envify/-/loose-envify-1.4.0.tgz"
  integrity sha512-lyuxPGr/Wfhrlem2CL/UcnUc1zcqKAImBDzukY7Y5F/yQiNdko6+fRLevlw1HgMySw7f611UIY408EtxRSoK3Q==
  dependencies:
    js-tokens "^3.0.0 || ^4.0.0"

object-assign@^4.1.1:
  version "4.1.1"
  resolved "https://registry.npmjs.org/object-assign/-/object-assign-4.1.1.tgz"
  integrity sha1-IQmtx5ZYh8/AXLvUQsrIv7s2CGM=

prop-types@^15.5.8, prop-types@^15.7.2:
  version "15.7.2"
  resolved "https://registry.npmjs.org/prop-types/-/prop-types-15.7.2.tgz"
  integrity sha512-8QQikdH7//R2vurIJSutZ1smHYTcLpRWEOlHnzcWHmBYrOGUysKwSsrC89BCiFj3CbrfJ/nXFdJepOVrY1GCHQ==
  dependencies:
    loose-envify "^1.4.0"
    object-assign "^4.1.1"
    react-is "^16.8.1"

react-apollo@^3.1.5:
  version "3.1.5"
  resolved "https://registry.yarnpkg.com/react-apollo/-/react-apollo-3.1.5.tgz#36692d393c47e7ccc37f0a885c7cc5a8b4961c91"
  integrity sha512-xOxMqxORps+WHrUYbjVHPliviomefOpu5Sh35oO3osuOyPTxvrljdfTLGCggMhcXBsDljtS5Oy4g+ijWg3D4JQ==
  dependencies:
    "@apollo/react-common" "^3.1.4"
    "@apollo/react-components" "^3.1.5"
    "@apollo/react-hoc" "^3.1.5"
    "@apollo/react-hooks" "^3.1.5"
    "@apollo/react-ssr" "^3.1.5"

react-geocode@^0.2.3:
  version "0.2.3"
  resolved "https://registry.npmjs.org/react-geocode/-/react-geocode-0.2.3.tgz"
  integrity sha512-sIpbgmn1IUzAxO4haOZ6jeeFnMD8ya9PC38yiNrmJ9vPWbvAO2D/2yfCBzZjGZVUm4PRzKAc0KghXfaEnug0TQ==
  dependencies:
    regenerator-runtime "^0.13.3"

react-is@^16.7.0, react-is@^16.8.1:
  version "16.13.1"
  resolved "https://registry.npmjs.org/react-is/-/react-is-16.13.1.tgz"
  integrity sha512-24e6ynE2H+OKt4kqsOvNd8kBpV65zoxbA4BVsEOB3ARVWQki/DHzaUoC5KuON/BiccDaCCTZBuOcfZs70kR8bQ==

react-places-autocomplete@^7.3.0:
  version "7.3.0"
  resolved "https://registry.npmjs.org/react-places-autocomplete/-/react-places-autocomplete-7.3.0.tgz"
  integrity sha512-86wcHC69JATvWBnIS/yCsBHLtwzOGcnx3Ye94u74yTrz1jLRC/txkVDkf6rvC+Jq3zNe/tAg/W53x0EaH1ZPPw==
  dependencies:
    lodash.debounce "^4.0.8"
    prop-types "^15.5.8"

regenerator-runtime@^0.13.3:
  version "0.13.9"
  resolved "https://registry.npmjs.org/regenerator-runtime/-/regenerator-runtime-0.13.9.tgz"
  integrity sha512-p3VT+cOEgxFsRRA9X4lkI1E+k2/CtnKtU4gcxyaCUreilL/vqI6CdZ3wxVUx3UOUg+gnUOQQcRI7BmSI656MYA==

ts-invariant@^0.4.4:
  version "0.4.4"
  resolved "https://registry.yarnpkg.com/ts-invariant/-/ts-invariant-0.4.4.tgz#97a523518688f93aafad01b0e80eb803eb2abd86"
  integrity sha512-uEtWkFM/sdZvRNNDL3Ehu4WVpwaulhwQszV8mrtcdeE8nN00BV9mAmQ88RkrBhFgl9gMgvjJLAQcZbnPXI9mlA==
  dependencies:
    tslib "^1.9.3"

tslib@^1.10.0, tslib@^1.9.3:
  version "1.14.1"
  resolved "https://registry.yarnpkg.com/tslib/-/tslib-1.14.1.tgz#cf2d38bdc34a134bcaf1091c41f6619e2f672d00"
  integrity sha512-Xni35NKzjgMrwevysHTCArtLDpPvye8zV/0E4EyYn43P7/7qvQwPh9BGkHewbMulVntbigmcT7rdX3BNo9wRJg==

"vtex.add-to-cart-button@http://vtex.vtexassets.com/_v/public/typings/v1/vtex.add-to-cart-button@0.26.6/public/@types/vtex.add-to-cart-button":
  version "0.26.6"
  resolved "http://vtex.vtexassets.com/_v/public/typings/v1/vtex.add-to-cart-button@0.26.6/public/@types/vtex.add-to-cart-button#3c5b76afa4f175103863c196eb9711a8f8bd4442"

"vtex.breadcrumb@http://vtex.vtexassets.com/_v/public/typings/v1/vtex.breadcrumb@1.9.4/public/@types/vtex.breadcrumb":
  version "1.9.4"
  resolved "http://vtex.vtexassets.com/_v/public/typings/v1/vtex.breadcrumb@1.9.4/public/@types/vtex.breadcrumb#624d6ddbd839bccd2b08e10f0f5f4a0509de834b"

"vtex.carousel@http://vtex.vtexassets.com/_v/public/typings/v1/vtex.carousel@2.12.1/public/@types/vtex.carousel":
  version "2.12.1"
  resolved "http://vtex.vtexassets.com/_v/public/typings/v1/vtex.carousel@2.12.1/public/@types/vtex.carousel#f99139a9d22227fa239192a058defd13f8cc50be"

"vtex.flex-layout@http://vtex.vtexassets.com/_v/public/typings/v1/vtex.flex-layout@0.17.0/public/@types/vtex.flex-layout":
  version "0.17.0"
  resolved "http://vtex.vtexassets.com/_v/public/typings/v1/vtex.flex-layout@0.17.0/public/@types/vtex.flex-layout#0a37c06d9e3a20a4fc06052ae997c77b58a89a93"

"vtex.iframe@http://vtex.vtexassets.com/_v/public/typings/v1/vtex.iframe@0.3.0/public/@types/vtex.iframe":
  version "0.3.0"
  resolved "http://vtex.vtexassets.com/_v/public/typings/v1/vtex.iframe@0.3.0/public/@types/vtex.iframe#ce290a0ec1683a75e31fd00e00956d6061c9cea3"

"vtex.locale-switcher@http://vtex.vtexassets.com/_v/public/typings/v1/vtex.locale-switcher@0.5.6/public/@types/vtex.locale-switcher":
  version "0.5.6"
  resolved "http://vtex.vtexassets.com/_v/public/typings/v1/vtex.locale-switcher@0.5.6/public/@types/vtex.locale-switcher#5db8558af5593d65e4fff3da0903d0081dfcab42"

"vtex.login@http://vtex.vtexassets.com/_v/public/typings/v1/vtex.login@2.45.0/public/@types/vtex.login":
  version "2.45.0"
  resolved "http://vtex.vtexassets.com/_v/public/typings/v1/vtex.login@2.45.0/public/@types/vtex.login#4f392d1b774cb987411297206b89e68ce3e74749"

"vtex.menu@http://vtex.vtexassets.com/_v/public/typings/v1/vtex.menu@2.32.0/public/@types/vtex.menu":
  version "2.32.0"
  resolved "http://vtex.vtexassets.com/_v/public/typings/v1/vtex.menu@2.32.0/public/@types/vtex.menu#c4bcf449ec2f106d7a2d324b8f334e6cc6c202fe"

"vtex.minicart@http://vtex.vtexassets.com/_v/public/typings/v1/vtex.minicart@2.60.0/public/@types/vtex.minicart":
  version "2.60.0"
  resolved "http://vtex.vtexassets.com/_v/public/typings/v1/vtex.minicart@2.60.0/public/@types/vtex.minicart#faf324c9df1b17b2889c0a1e0541bb5b58a9f6ed"

"vtex.minimumtheme@https://googlemaps--sanisidrolonasar.myvtex.com/_v/private/typings/linked/v1/vtex.minimumtheme@0.1.1+build1627155501/public/@types/vtex.minimumtheme":
  version "0.1.1"
  resolved "https://googlemaps--sanisidrolonasar.myvtex.com/_v/private/typings/linked/v1/vtex.minimumtheme@0.1.1+build1627155501/public/@types/vtex.minimumtheme#da1f41827101a52657d18240fcca1ac278bc5818"

"vtex.my-account@http://vtex.vtexassets.com/_v/public/typings/v1/vtex.my-account@1.20.0/public/@types/vtex.my-account":
  version "1.20.0"
  resolved "http://vtex.vtexassets.com/_v/public/typings/v1/vtex.my-account@1.20.0/public/@types/vtex.my-account#edf1817e96799daca1b16bf76383b8e2d7c340f9"

"vtex.order-placed@http://vtex.vtexassets.com/_v/public/typings/v1/vtex.order-placed@2.12.0/public/@types/vtex.order-placed":
  version "2.12.0"
  resolved "http://vtex.vtexassets.com/_v/public/typings/v1/vtex.order-placed@2.12.0/public/@types/vtex.order-placed#1899985df826aac3ceff9ec9086e135e988059ad"

"vtex.product-details@http://vtex.vtexassets.com/_v/public/typings/v1/vtex.product-details@1.20.0/public/@types/vtex.product-details":
  version "1.20.0"
  resolved "http://vtex.vtexassets.com/_v/public/typings/v1/vtex.product-details@1.20.0/public/@types/vtex.product-details#3d343c877ea12792e87c8bf5ac26219e93a35cf0"

"vtex.product-identifier@http://vtex.vtexassets.com/_v/public/typings/v1/vtex.product-identifier@0.2.1/public/@types/vtex.product-identifier":
  version "0.2.1"
  resolved "http://vtex.vtexassets.com/_v/public/typings/v1/vtex.product-identifier@0.2.1/public/@types/vtex.product-identifier#c3f75720666db0e490e2d4ce6d96ae91f4043a6a"

"vtex.product-kit@http://vtex.vtexassets.com/_v/public/typings/v1/vtex.product-kit@1.10.2/public/_types/react":
  version "0.0.0"
  resolved "http://vtex.vtexassets.com/_v/public/typings/v1/vtex.product-kit@1.10.2/public/_types/react#fa7a0347e046eab3dd768998fc9252b2c0dd5aef"

"vtex.product-quantity@http://vtex.vtexassets.com/_v/public/typings/v1/vtex.product-quantity@1.6.0/public/@types/vtex.product-quantity":
  version "1.6.0"
  resolved "http://vtex.vtexassets.com/_v/public/typings/v1/vtex.product-quantity@1.6.0/public/@types/vtex.product-quantity#335060d37638a9ea73a03e51b7f19781977f43f9"

"vtex.product-review-interfaces@http://vtex.vtexassets.com/_v/public/typings/v1/vtex.product-review-interfaces@1.0.2/public/_types/react":
  version "1.0.2"
  resolved "http://vtex.vtexassets.com/_v/public/typings/v1/vtex.product-review-interfaces@1.0.2/public/_types/react#84d1997cdae079d1401611f3d4a4619ed914673f"

"vtex.product-specification-badges@http://vtex.vtexassets.com/_v/public/typings/v1/vtex.product-specification-badges@0.3.0/public/@types/vtex.product-specification-badges":
  version "0.3.0"
  resolved "http://vtex.vtexassets.com/_v/public/typings/v1/vtex.product-specification-badges@0.3.0/public/@types/vtex.product-specification-badges#2df6b189acfabf642504df02d7b8ad406ee90c07"

"vtex.product-summary@http://vtex.vtexassets.com/_v/public/typings/v1/vtex.product-summary@2.74.0/public/@types/vtex.product-summary":
  version "2.74.0"
  resolved "http://vtex.vtexassets.com/_v/public/typings/v1/vtex.product-summary@2.74.0/public/@types/vtex.product-summary#029b89e530d79cc2857ac3c927151d4885123816"

"vtex.render-runtime@http://vtex.vtexassets.com/_v/public/typings/v1/vtex.render-runtime@8.130.0/public/@types/vtex.render-runtime":
  version "8.130.0"
  resolved "http://vtex.vtexassets.com/_v/public/typings/v1/vtex.render-runtime@8.130.0/public/@types/vtex.render-runtime#6958e1017c423c0906eae3500bad70d3fb353a98"

"vtex.responsive-layout@http://vtex.vtexassets.com/_v/public/typings/v1/vtex.responsive-layout@0.1.2/public/@types/vtex.responsive-layout":
  version "0.1.2"
  resolved "http://vtex.vtexassets.com/_v/public/typings/v1/vtex.responsive-layout@0.1.2/public/@types/vtex.responsive-layout#e33f23a78afb3ffb8ff8aedc77b1ca6728583e72"

"vtex.rich-text@http://vtex.vtexassets.com/_v/public/typings/v1/vtex.rich-text@0.14.0/public/@types/vtex.rich-text":
  version "0.14.0"
  resolved "http://vtex.vtexassets.com/_v/public/typings/v1/vtex.rich-text@0.14.0/public/@types/vtex.rich-text#fd31249116da1e0f1caeaa00a44035afa9c91703"

"vtex.search-result@http://vtex.vtexassets.com/_v/public/typings/v1/vtex.search-result@3.104.0/public/@types/vtex.search-result":
  version "3.104.0"
  resolved "http://vtex.vtexassets.com/_v/public/typings/v1/vtex.search-result@3.104.0/public/@types/vtex.search-result#2e80eeda8d1c90151abca769fdadb4a8230ba36d"

"vtex.shelf@http://vtex.vtexassets.com/_v/public/typings/v1/vtex.shelf@1.45.0/public/@types/vtex.shelf":
  version "1.45.0"
  resolved "http://vtex.vtexassets.com/_v/public/typings/v1/vtex.shelf@1.45.0/public/@types/vtex.shelf#e172727072c42c07c8f0c4a40d0fd05c91160467"

"vtex.slider-layout@http://vtex.vtexassets.com/_v/public/typings/v1/vtex.slider-layout@0.19.2/public/@types/vtex.slider-layout":
  version "0.19.2"
  resolved "http://vtex.vtexassets.com/_v/public/typings/v1/vtex.slider-layout@0.19.2/public/@types/vtex.slider-layout#f1f0567c478e886d87718502e5cb495eb95c8c1b"

"vtex.slider@http://vtex.vtexassets.com/_v/public/typings/v1/vtex.slider@0.8.3/public/@types/vtex.slider":
  version "0.8.3"
  resolved "http://vtex.vtexassets.com/_v/public/typings/v1/vtex.slider@0.8.3/public/@types/vtex.slider#9b7be08012a5d3ec41fdc651235a964cb5f7db85"

"vtex.stack-layout@http://vtex.vtexassets.com/_v/public/typings/v1/vtex.stack-layout@0.1.0/public/@types/vtex.stack-layout":
  version "0.1.0"
  resolved "http://vtex.vtexassets.com/_v/public/typings/v1/vtex.stack-layout@0.1.0/public/@types/vtex.stack-layout#79bcd9f70b4b6926b85686be14879a3b90d52c63"

"vtex.sticky-layout@http://vtex.vtexassets.com/_v/public/typings/v1/vtex.sticky-layout@0.3.4/public/@types/vtex.sticky-layout":
  version "0.3.4"
  resolved "http://vtex.vtexassets.com/_v/public/typings/v1/vtex.sticky-layout@0.3.4/public/@types/vtex.sticky-layout#5b786d6f9ab0a40e4997c955a75885eee32515ef"

"vtex.store-components@http://vtex.vtexassets.com/_v/public/typings/v1/vtex.store-components@3.149.0/public/@types/vtex.store-components":
  version "3.149.0"
  resolved "http://vtex.vtexassets.com/_v/public/typings/v1/vtex.store-components@3.149.0/public/@types/vtex.store-components#ac49b5efa460ba7ea7e4a11c532b320dcb4a53d8"

"vtex.store-drawer@http://vtex.vtexassets.com/_v/public/typings/v1/vtex.store-drawer@0.16.0/public/@types/vtex.store-drawer":
  version "0.16.0"
  resolved "http://vtex.vtexassets.com/_v/public/typings/v1/vtex.store-drawer@0.16.0/public/@types/vtex.store-drawer#0b416e94714d34c195ccc08db048596d56898949"

"vtex.store-footer@http://vtex.vtexassets.com/_v/public/typings/v1/vtex.store-footer@2.23.0/public/@types/vtex.store-footer":
  version "2.23.0"
  resolved "http://vtex.vtexassets.com/_v/public/typings/v1/vtex.store-footer@2.23.0/public/@types/vtex.store-footer#4390814502582fd47319f749ad570bfb69275d9a"

"vtex.store-graphql@http://vtex.vtexassets.com/_v/public/typings/v1/vtex.store-graphql@2.143.0/public/@types/vtex.store-graphql":
  version "2.143.0"
  resolved "http://vtex.vtexassets.com/_v/public/typings/v1/vtex.store-graphql@2.143.0/public/@types/vtex.store-graphql#cf68a117e052ed36b03a683ee0063feaf37f17cd"

"vtex.store-header@http://vtex.vtexassets.com/_v/public/typings/v1/vtex.store-header@2.26.0/public/@types/vtex.store-header":
  version "2.26.0"
  resolved "http://vtex.vtexassets.com/_v/public/typings/v1/vtex.store-header@2.26.0/public/@types/vtex.store-header#0ffc01931d044fb53438dfff912a5e501f24b339"

"vtex.store@http://vtex.vtexassets.com/_v/public/typings/v1/vtex.store@2.120.0/public/@types/vtex.store":
  version "2.120.0"
  resolved "http://vtex.vtexassets.com/_v/public/typings/v1/vtex.store@2.120.0/public/@types/vtex.store#62930c752742172a6b3e545726feffbade76f3bd"

"vtex.styleguide@http://vtex.vtexassets.com/_v/public/typings/v1/vtex.styleguide@9.145.0/public/@types/vtex.styleguide":
  version "9.145.0"
  resolved "http://vtex.vtexassets.com/_v/public/typings/v1/vtex.styleguide@9.145.0/public/@types/vtex.styleguide#41dfb32af8756eb5528dbd452e47003a8f67fe8c"

"vtex.tab-layout@http://vtex.vtexassets.com/_v/public/typings/v1/vtex.tab-layout@0.4.3/public/@types/vtex.tab-layout":
  version "0.4.3"
  resolved "http://vtex.vtexassets.com/_v/public/typings/v1/vtex.tab-layout@0.4.3/public/@types/vtex.tab-layout#579ee7ffabb55ce7ed271b0af1015f41c49b7f30"

"vtex.telemarketing@http://vtex.vtexassets.com/_v/public/typings/v1/vtex.telemarketing@2.10.2/public/@types/vtex.telemarketing":
  version "2.10.2"
  resolved "http://vtex.vtexassets.com/_v/public/typings/v1/vtex.telemarketing@2.10.2/public/@types/vtex.telemarketing#618f97a1cc0af09b5809cf2f4561cc19b9189cef"
